
Microsoft Visual Studio Solution File, Format Version 12.00
# Visual Studio Version 16
VisualStudioVersion = 16.0.31624.102
MinimumVisualStudioVersion = 10.0.40219.1
Project("{FAE04EC0-301F-11D3-BF4B-00C04F79EFBC}") = "Mi Primer Reto de Estudio", "Mi Primer Reto de Estudio\Mi Primer Reto de Estudio.csproj", "{925BA25E-381B-4278-8860-511A768A46F2}"
EndProject
Global
	GlobalSection(SolutionConfigurationPlatforms) = preSolution
		Debug|Any CPU = Debug|Any CPU
		Release|Any CPU = Release|Any CPU
	EndGlobalSection
	GlobalSection(ProjectConfigurationPlatforms) = postSolution
		{925BA25E-381B-4278-8860-511A768A46F2}.Debug|Any CPU.ActiveCfg = Debug|Any CPU
		{925BA25E-381B-4278-8860-511A768A46F2}.Debug|Any CPU.Build.0 = Debug|Any CPU
		{925BA25E-381B-4278-8860-511A768A46F2}.Release|Any CPU.ActiveCfg = Release|Any CPU
		{925BA25E-381B-4278-8860-511A768A46F2}.Release|Any CPU.Build.0 = Release|Any CPU
	EndGlobalSection
	GlobalSection(SolutionProperties) = preSolution
		HideSolutionNode = FALSE
	EndGlobalSection
	GlobalSection(ExtensibilityGlobals) = postSolution
		SolutionGuid = {BC33CE9C-C2B4-4BFB-9C8A-CB3F06B503C4}
	EndGlobalSection
EndGlobal
